
Microsoft Visual Studio Solution File, Format Version 12.00
# Visual Studio Version 16
VisualStudioVersion = 16.0.29806.167
MinimumVisualStudioVersion = 10.0.40219.1
Project("{FAE04EC0-301F-11D3-BF4B-00C04F79EFBC}") = "HelloWorld", "HelloWorld\HelloWorld.csproj", "{E43BA09F-5E57-494F-853D-09E6CD45AC8E}"
EndProject
Global
	GlobalSection(SolutionConfigurationPlatforms) = preSolution
		Debug|Any CPU = Debug|Any CPU
		Release|Any CPU = Release|Any CPU
	EndGlobalSection
	GlobalSection(ProjectConfigurationPlatforms) = postSolution
		{E43BA09F-5E57-494F-853D-09E6CD45AC8E}.Debug|Any CPU.ActiveCfg = Debug|Any CPU
		{E43BA09F-5E57-494F-853D-09E6CD45AC8E}.Debug|Any CPU.Build.0 = Debug|Any CPU
		{E43BA09F-5E57-494F-853D-09E6CD45AC8E}.Release|Any CPU.ActiveCfg = Release|Any CPU
		{E43BA09F-5E57-494F-853D-09E6CD45AC8E}.Release|Any CPU.Build.0 = Release|Any CPU
	EndGlobalSection
	GlobalSection(SolutionProperties) = preSolution
		HideSolutionNode = FALSE
	EndGlobalSection
	GlobalSection(ExtensibilityGlobals) = postSolution
		SolutionGuid = {DB9870DC-7C76-415B-AEBC-4DC68E901189}
	EndGlobalSection
EndGlobal
